
Microsoft Visual Studio Solution File, Format Version 12.00
# Visual Studio Version 17
VisualStudioVersion = 17.3.32929.385
MinimumVisualStudioVersion = 10.0.40219.1
Project("{9A19103F-16F7-4668-BE54-9A1E7A4F7556}") = "BillingServer", "BillingService\BillingServer.csproj", "{64B9DFE3-A5A1-407B-AC5A-47A29CEEF23A}"
EndProject
Project("{FAE04EC0-301F-11D3-BF4B-00C04F79EFBC}") = "BillingClient", "BillingClient\BillingClient.csproj", "{106870E3-E642-44BE-ABC8-748AE803D504}"
EndProject
Global
	GlobalSection(SolutionConfigurationPlatforms) = preSolution
		Debug|Any CPU = Debug|Any CPU
		Release|Any CPU = Release|Any CPU
	EndGlobalSection
	GlobalSection(ProjectConfigurationPlatforms) = postSolution
		{64B9DFE3-A5A1-407B-AC5A-47A29CEEF23A}.Debug|Any CPU.ActiveCfg = Debug|Any CPU
		{64B9DFE3-A5A1-407B-AC5A-47A29CEEF23A}.Debug|Any CPU.Build.0 = Debug|Any CPU
		{64B9DFE3-A5A1-407B-AC5A-47A29CEEF23A}.Release|Any CPU.ActiveCfg = Release|Any CPU
		{64B9DFE3-A5A1-407B-AC5A-47A29CEEF23A}.Release|Any CPU.Build.0 = Release|Any CPU
		{106870E3-E642-44BE-ABC8-748AE803D504}.Debug|Any CPU.ActiveCfg = Debug|Any CPU
		{106870E3-E642-44BE-ABC8-748AE803D504}.Debug|Any CPU.Build.0 = Debug|Any CPU
		{106870E3-E642-44BE-ABC8-748AE803D504}.Release|Any CPU.ActiveCfg = Release|Any CPU
		{106870E3-E642-44BE-ABC8-748AE803D504}.Release|Any CPU.Build.0 = Release|Any CPU
	EndGlobalSection
	GlobalSection(SolutionProperties) = preSolution
		HideSolutionNode = FALSE
	EndGlobalSection
	GlobalSection(ExtensibilityGlobals) = postSolution
		SolutionGuid = {D16A2361-E432-4B50-987F-4A91933755EC}
	EndGlobalSection
EndGlobal
